// !$*UTF8*$!
{
	archiveVersion = 1;
	classes = {
	};
	objectVersion = 55;
	objects = {

/* Begin PBXBuildFile section */
		894290C9288865D50002733B /* AppDelegate.swift in Sources */ = {isa = PBXBuildFile; fileRef = 894290C8288865D50002733B /* AppDelegate.swift */; };
		894290CB288865D50002733B /* SceneDelegate.swift in Sources */ = {isa = PBXBuildFile; fileRef = 894290CA288865D50002733B /* SceneDelegate.swift */; };
		894290CD288865D50002733B /* ViewController.swift in Sources */ = {isa = PBXBuildFile; fileRef = 894290CC288865D50002733B /* ViewController.swift */; };
		894290D0288865D50002733B /* Main.storyboard in Resources */ = {isa = PBXBuildFile; fileRef = 894290CE288865D50002733B /* Main.storyboard */; };
		894290D3288865D50002733B /* workoutOptionsScreen.xcdatamodeld in Sources */ = {isa = PBXBuildFile; fileRef = 894290D1288865D50002733B /* workoutOptionsScreen.xcdatamodeld */; };
		894290D5288865D70002733B /* Assets.xcassets in Resources */ = {isa = PBXBuildFile; fileRef = 894290D4288865D70002733B /* Assets.xcassets */; };
		894290D8288865D70002733B /* LaunchScreen.storyboard in Resources */ = {isa = PBXBuildFile; fileRef = 894290D6288865D70002733B /* LaunchScreen.storyboard */; };
		8976366A2888EB8500412168 /* UpperViewController.swift in Sources */ = {isa = PBXBuildFile; fileRef = 897636692888EB8400412168 /* UpperViewController.swift */; };
		8976366C2888EB9A00412168 /* LowerViewController.swift in Sources */ = {isa = PBXBuildFile; fileRef = 8976366B2888EB9A00412168 /* LowerViewController.swift */; };
		8976366E2888EBA500412168 /* CoreViewController.swift in Sources */ = {isa = PBXBuildFile; fileRef = 8976366D2888EBA500412168 /* CoreViewController.swift */; };
		897636702888EBB100412168 /* CardioViewController.swift in Sources */ = {isa = PBXBuildFile; fileRef = 8976366F2888EBB100412168 /* CardioViewController.swift */; };
/* End PBXBuildFile section */

/* Begin PBXFileReference section */
		894290C5288865D50002733B /* workoutOptionsScreen.app */ = {isa = PBXFileReference; explicitFileType = wrapper.application; includeInIndex = 0; path = workoutOptionsScreen.app; sourceTree = BUILT_PRODUCTS_DIR; };
		894290C8288865D50002733B /* AppDelegate.swift */ = {isa = PBXFileReference; lastKnownFileType = sourcecode.swift; path = AppDelegate.swift; sourceTree = "<group>"; };
		894290CA288865D50002733B /* SceneDelegate.swift */ = {isa = PBXFileReference; lastKnownFileType = sourcecode.swift; path = SceneDelegate.swift; sourceTree = "<group>"; };
		894290CC288865D50002733B /* ViewController.swift */ = {isa = PBXFileReference; lastKnownFileType = sourcecode.swift; path = ViewController.swift; sourceTree = "<group>"; };
		894290CF288865D50002733B /* Base */ = {isa = PBXFileReference; lastKnownFileType = file.storyboard; name = Base; path = Base.lproj/Main.storyboard; sourceTree = "<group>"; };
		894290D2288865D50002733B /* workoutOptionsScreen.xcdatamodel */ = {isa = PBXFileReference; lastKnownFileType = wrapper.xcdatamodel; path = workoutOptionsScreen.xcdatamodel; sourceTree = "<group>"; };
		894290D4288865D70002733B /* Assets.xcassets */ = {isa = PBXFileReference; lastKnownFileType = folder.assetcatalog; path = Assets.xcassets; sourceTree = "<group>"; };
		894290D7288865D70002733B /* Base */ = {isa = PBXFileReference; lastKnownFileType = file.storyboard; name = Base; path = Base.lproj/LaunchScreen.storyboard; sourceTree = "<group>"; };
		894290D9288865D70002733B /* Info.plist */ = {isa = PBXFileReference; lastKnownFileType = text.plist.xml; path = Info.plist; sourceTree = "<group>"; };
		897636692888EB8400412168 /* UpperViewController.swift */ = {isa = PBXFileReference; lastKnownFileType = sourcecode.swift; path = UpperViewController.swift; sourceTree = "<group>"; };
		8976366B2888EB9A00412168 /* LowerViewController.swift */ = {isa = PBXFileReference; lastKnownFileType = sourcecode.swift; path = LowerViewController.swift; sourceTree = "<group>"; };
		8976366D2888EBA500412168 /* CoreViewController.swift */ = {isa = PBXFileReference; lastKnownFileType = sourcecode.swift; path = CoreViewController.swift; sourceTree = "<group>"; };
		8976366F2888EBB100412168 /* CardioViewController.swift */ = {isa = PBXFileReference; lastKnownFileType = sourcecode.swift; path = CardioViewController.swift; sourceTree = "<group>"; };
/* End PBXFileReference section */

/* Begin PBXFrameworksBuildPhase section */
		894290C2288865D50002733B /* Frameworks */ = {
			isa = PBXFrameworksBuildPhase;
			buildActionMask = 2147483647;
			files = (
			);
			runOnlyForDeploymentPostprocessing = 0;
		};
/* End PBXFrameworksBuildPhase section */

/* Begin PBXGroup section */
		894290BC288865D50002733B = {
			isa = PBXGroup;
			children = (
				894290C7288865D50002733B /* workoutOptionsScreen */,
				894290C6288865D50002733B /* Products */,
			);
			sourceTree = "<group>";
		};
		894290C6288865D50002733B /* Products */ = {
			isa = PBXGroup;
			children = (
				894290C5288865D50002733B /* workoutOptionsScreen.app */,
			);
			name = Products;
			sourceTree = "<group>";
		};
		894290C7288865D50002733B /* workoutOptionsScreen */ = {
			isa = PBXGroup;
			children = (
				894290C8288865D50002733B /* AppDelegate.swift */,
				894290CA288865D50002733B /* SceneDelegate.swift */,
				894290CC288865D50002733B /* ViewController.swift */,
				8976366F2888EBB100412168 /* CardioViewController.swift */,
				8976366D2888EBA500412168 /* CoreViewController.swift */,
				897636692888EB8400412168 /* UpperViewController.swift */,
				8976366B2888EB9A00412168 /* LowerViewController.swift */,
				894290CE288865D50002733B /* Main.storyboard */,
				894290D4288865D70002733B /* Assets.xcassets */,
				894290D6288865D70002733B /* LaunchScreen.storyboard */,
				894290D9288865D70002733B /* Info.plist */,
				894290D1288865D50002733B /* workoutOptionsScreen.xcdatamodeld */,
			);
			path = workoutOptionsScreen;
			sourceTree = "<group>";
		};
/* End PBXGroup section */

/* Begin PBXNativeTarget section */
		894290C4288865D50002733B /* workoutOptionsScreen */ = {
			isa = PBXNativeTarget;
			buildConfigurationList = 894290DC288865D70002733B /* Build configuration list for PBXNativeTarget "workoutOptionsScreen" */;
			buildPhases = (
				894290C1288865D50002733B /* Sources */,
				894290C2288865D50002733B /* Frameworks */,
				894290C3288865D50002733B /* Resources */,
			);
			buildRules = (
			);
			dependencies = (
			);
			name = workoutOptionsScreen;
			productName = workoutOptionsScreen;
			productReference = 894290C5288865D50002733B /* workoutOptionsScreen.app */;
			productType = "com.apple.product-type.application";
		};
/* End PBXNativeTarget section */

/* Begin PBXProject section */
		894290BD288865D50002733B /* Project object */ = {
			isa = PBXProject;
			attributes = {
				BuildIndependentTargetsInParallel = 1;
				LastSwiftUpdateCheck = 1340;
				LastUpgradeCheck = 1340;
				TargetAttributes = {
					894290C4288865D50002733B = {
						CreatedOnToolsVersion = 13.4.1;
					};
				};
			};
			buildConfigurationList = 894290C0288865D50002733B /* Build configuration list for PBXProject "workoutOptionsScreen" */;
			compatibilityVersion = "Xcode 13.0";
			developmentRegion = en;
			hasScannedForEncodings = 0;
			knownRegions = (
				en,
				Base,
			);
			mainGroup = 894290BC288865D50002733B;
			productRefGroup = 894290C6288865D50002733B /* Products */;
			projectDirPath = "";
			projectRoot = "";
			targets = (
				894290C4288865D50002733B /* workoutOptionsScreen */,
			);
		};
/* End PBXProject section */

/* Begin PBXResourcesBuildPhase section */
		894290C3288865D50002733B /* Resources */ = {
			isa = PBXResourcesBuildPhase;
			buildActionMask = 2147483647;
			files = (
				894290D8288865D70002733B /* LaunchScreen.storyboard in Resources */,
				894290D5288865D70002733B /* Assets.xcassets in Resources */,
				894290D0288865D50002733B /* Main.storyboard in Resources */,
			);
			runOnlyForDeploymentPostprocessing = 0;
		};
/* End PBXResourcesBuildPhase section */

/* Begin PBXSourcesBuildPhase section */
		894290C1288865D50002733B /* Sources */ = {
			isa = PBXSourcesBuildPhase;
			buildActionMask = 2147483647;
			files = (
				894290D3288865D50002733B /* workoutOptionsScreen.xcdatamodeld in Sources */,
				894290CD288865D50002733B /* ViewController.swift in Sources */,
				8976366C2888EB9A00412168 /* LowerViewController.swift in Sources */,
				894290C9288865D50002733B /* AppDelegate.swift in Sources */,
				8976366E2888EBA500412168 /* CoreViewController.swift in Sources */,
				8976366A2888EB8500412168 /* UpperViewController.swift in Sources */,
				897636702888EBB100412168 /* CardioViewController.swift in Sources */,
				894290CB288865D50002733B /* SceneDelegate.swift in Sources */,
			);
			runOnlyForDeploymentPostprocessing = 0;
		};
/* End PBXSourcesBuildPhase section */

/* Begin PBXVariantGroup section */
		894290CE288865D50002733B /* Main.storyboard */ = {
			isa = PBXVariantGroup;
			children = (
				894290CF288865D50002733B /* Base */,
			);
			name = Main.storyboard;
			sourceTree = "<group>";
		};
		894290D6288865D70002733B /* LaunchScreen.storyboard */ = {
			isa = PBXVariantGroup;
			children = (
				894290D7288865D70002733B /* Base */,
			);
			name = LaunchScreen.storyboard;
			sourceTree = "<group>";
		};
/* End PBXVariantGroup section */

/* Begin XCBuildConfiguration section */
		894290DA288865D70002733B /* Debug */ = {
			isa = XCBuildConfiguration;
			buildSettings = {
				ALWAYS_SEARCH_USER_PATHS = NO;
				CLANG_ANALYZER_NONNULL = YES;
				CLANG_ANALYZER_NUMBER_OBJECT_CONVERSION = YES_AGGRESSIVE;
				CLANG_CXX_LANGUAGE_STANDARD = "gnu++17";
				CLANG_ENABLE_MODULES = YES;
				CLANG_ENABLE_OBJC_ARC = YES;
				CLANG_ENABLE_OBJC_WEAK = YES;
				CLANG_WARN_BLOCK_CAPTURE_AUTORELEASING = YES;
				CLANG_WARN_BOOL_CONVERSION = YES;
				CLANG_WARN_COMMA = YES;
				CLANG_WARN_CONSTANT_CONVERSION = YES;
				CLANG_WARN_DEPRECATED_OBJC_IMPLEMENTATIONS = YES;
				CLANG_WARN_DIRECT_OBJC_ISA_USAGE = YES_ERROR;
				CLANG_WARN_DOCUMENTATION_COMMENTS = YES;
				CLANG_WARN_EMPTY_BODY = YES;
				CLANG_WARN_ENUM_CONVERSION = YES;
				CLANG_WARN_INFINITE_RECURSION = YES;
				CLANG_WARN_INT_CONVERSION = YES;
				CLANG_WARN_NON_LITERAL_NULL_CONVERSION = YES;
				CLANG_WARN_OBJC_IMPLICIT_RETAIN_SELF = YES;
				CLANG_WARN_OBJC_LITERAL_CONVERSION = YES;
				CLANG_WARN_OBJC_ROOT_CLASS = YES_ERROR;
				CLANG_WARN_QUOTED_INCLUDE_IN_FRAMEWORK_HEADER = YES;
				CLANG_WARN_RANGE_LOOP_ANALYSIS = YES;
				CLANG_WARN_STRICT_PROTOTYPES = YES;
				CLANG_WARN_SUSPICIOUS_MOVE = YES;
				CLANG_WARN_UNGUARDED_AVAILABILITY = YES_AGGRESSIVE;
				CLANG_WARN_UNREACHABLE_CODE = YES;
				CLANG_WARN__DUPLICATE_METHOD_MATCH = YES;
				COPY_PHASE_STRIP = NO;
				DEBUG_INFORMATION_FORMAT = dwarf;
				ENABLE_STRICT_OBJC_MSGSEND = YES;
				ENABLE_TESTABILITY = YES;
				GCC_C_LANGUAGE_STANDARD = gnu11;
				GCC_DYNAMIC_NO_PIC = NO;
				GCC_NO_COMMON_BLOCKS = YES;
				GCC_OPTIMIZATION_LEVEL = 0;
				GCC_PREPROCESSOR_DEFINITIONS = (
					"DEBUG=1",
					"$(inherited)",
				);
				GCC_WARN_64_TO_32_BIT_CONVERSION = YES;
				GCC_WARN_ABOUT_RETURN_TYPE = YES_ERROR;
				GCC_WARN_UNDECLARED_SELECTOR = YES;
				GCC_WARN_UNINITIALIZED_AUTOS = YES_AGGRESSIVE;
				GCC_WARN_UNUSED_FUNCTION = YES;
				GCC_WARN_UNUSED_VARIABLE = YES;
				IPHONEOS_DEPLOYMENT_TARGET = 15.5;
				MTL_ENABLE_DEBUG_INFO = INCLUDE_SOURCE;
				MTL_FAST_MATH = YES;
				ONLY_ACTIVE_ARCH = YES;
				SDKROOT = iphoneos;
				SWIFT_ACTIVE_COMPILATION_CONDITIONS = DEBUG;
				SWIFT_OPTIMIZATION_LEVEL = "-Onone";
			};
			name = Debug;
		};
		894290DB288865D70002733B /* Release */ = {
			isa = XCBuildConfiguration;
			buildSettings = {
				ALWAYS_SEARCH_USER_PATHS = NO;
				CLANG_ANALYZER_NONNULL = YES;
				CLANG_ANALYZER_NUMBER_OBJECT_CONVERSION = YES_AGGRESSIVE;
				CLANG_CXX_LANGUAGE_STANDARD = "gnu++17";
				CLANG_ENABLE_MODULES = YES;
				CLANG_ENABLE_OBJC_ARC = YES;
				CLANG_ENABLE_OBJC_WEAK = YES;
				CLANG_WARN_BLOCK_CAPTURE_AUTORELEASING = YES;
				CLANG_WARN_BOOL_CONVERSION = YES;
				CLANG_WARN_COMMA = YES;
				CLANG_WARN_CONSTANT_CONVERSION = YES;
				CLANG_WARN_DEPRECATED_OBJC_IMPLEMENTATIONS = YES;
				CLANG_WARN_DIRECT_OBJC_ISA_USAGE = YES_ERROR;
				CLANG_WARN_DOCUMENTATION_COMMENTS = YES;
				CLANG_WARN_EMPTY_BODY = YES;
				CLANG_WARN_ENUM_CONVERSION = YES;
				CLANG_WARN_INFINITE_RECURSION = YES;
				CLANG_WARN_INT_CONVERSION = YES;
				CLANG_WARN_NON_LITERAL_NULL_CONVERSION = YES;
				CLANG_WARN_OBJC_IMPLICIT_RETAIN_SELF = YES;
				CLANG_WARN_OBJC_LITERAL_CONVERSION = YES;
				CLANG_WARN_OBJC_ROOT_CLASS = YES_ERROR;
				CLANG_WARN_QUOTED_INCLUDE_IN_FRAMEWORK_HEADER = YES;
				CLANG_WARN_RANGE_LOOP_ANALYSIS = YES;
				CLANG_WARN_STRICT_PROTOTYPES = YES;
				CLANG_WARN_SUSPICIOUS_MOVE = YES;
				CLANG_WARN_UNGUARDED_AVAILABILITY = YES_AGGRESSIVE;
				CLANG_WARN_UNREACHABLE_CODE = YES;
				CLANG_WARN__DUPLICATE_METHOD_MATCH = YES;
				COPY_PHASE_STRIP = NO;
				DEBUG_INFORMATION_FORMAT = "dwarf-with-dsym";
				ENABLE_NS_ASSERTIONS = NO;
				ENABLE_STRICT_OBJC_MSGSEND = YES;
				GCC_C_LANGUAGE_STANDARD = gnu11;
				GCC_NO_COMMON_BLOCKS = YES;
				GCC_WARN_64_TO_32_BIT_CONVERSION = YES;
				GCC_WARN_ABOUT_RETURN_TYPE = YES_ERROR;
				GCC_WARN_UNDECLARED_SELECTOR = YES;
				GCC_WARN_UNINITIALIZED_AUTOS = YES_AGGRESSIVE;
				GCC_WARN_UNUSED_FUNCTION = YES;
				GCC_WARN_UNUSED_VARIABLE = YES;
				IPHONEOS_DEPLOYMENT_TARGET = 15.5;
				MTL_ENABLE_DEBUG_INFO = NO;
				MTL_FAST_MATH = YES;
				SDKROOT = iphoneos;
				SWIFT_COMPILATION_MODE = wholemodule;
				SWIFT_OPTIMIZATION_LEVEL = "-O";
				VALIDATE_PRODUCT = YES;
			};
			name = Release;
		};
		894290DD288865D70002733B /* Debug */ = {
			isa = XCBuildConfiguration;
			buildSettings = {
				ASSETCATALOG_COMPILER_APPICON_NAME = AppIcon;
				ASSETCATALOG_COMPILER_GLOBAL_ACCENT_COLOR_NAME = AccentColor;
				CODE_SIGN_STYLE = Automatic;
				CURRENT_PROJECT_VERSION = 1;
				DEVELOPMENT_TEAM = 2N97F5GWLY;
				GENERATE_INFOPLIST_FILE = YES;
				INFOPLIST_FILE = workoutOptionsScreen/Info.plist;
				INFOPLIST_KEY_UIApplicationSupportsIndirectInputEvents = YES;
				INFOPLIST_KEY_UILaunchStoryboardName = LaunchScreen;
				INFOPLIST_KEY_UIMainStoryboardFile = Main;
				INFOPLIST_KEY_UISupportedInterfaceOrientations_iPad = "UIInterfaceOrientationPortrait UIInterfaceOrientationPortraitUpsideDown UIInterfaceOrientationLandscapeLeft UIInterfaceOrientationLandscapeRight";
				INFOPLIST_KEY_UISupportedInterfaceOrientations_iPhone = "UIInterfaceOrientationPortrait UIInterfaceOrientationLandscapeLeft UIInterfaceOrientationLandscapeRight";
				LD_RUNPATH_SEARCH_PATHS = (
					"$(inherited)",
					"@executable_path/Frameworks",
				);
				MARKETING_VERSION = 1.0;
				PRODUCT_BUNDLE_IDENTIFIER = kwk.workoutOptionsScreen;
				PRODUCT_NAME = "$(TARGET_NAME)";
				SWIFT_EMIT_LOC_STRINGS = YES;
				SWIFT_VERSION = 5.0;
				TARGETED_DEVICE_FAMILY = "1,2";
			};
			name = Debug;
		};
		894290DE288865D70002733B /* Release */ = {
			isa = XCBuildConfiguration;
			buildSettings = {
				ASSETCATALOG_COMPILER_APPICON_NAME = AppIcon;
				ASSETCATALOG_COMPILER_GLOBAL_ACCENT_COLOR_NAME = AccentColor;
				CODE_SIGN_STYLE = Automatic;
				CURRENT_PROJECT_VERSION = 1;
				DEVELOPMENT_TEAM = 2N97F5GWLY;
				GENERATE_INFOPLIST_FILE = YES;
				INFOPLIST_FILE = workoutOptionsScreen/Info.plist;
				INFOPLIST_KEY_UIApplicationSupportsIndirectInputEvents = YES;
				INFOPLIST_KEY_UILaunchStoryboardName = LaunchScreen;
				INFOPLIST_KEY_UIMainStoryboardFile = Main;
				INFOPLIST_KEY_UISupportedInterfaceOrientations_iPad = "UIInterfaceOrientationPortrait UIInterfaceOrientationPortraitUpsideDown UIInterfaceOrientationLandscapeLeft UIInterfaceOrientationLandscapeRight";
				INFOPLIST_KEY_UISupportedInterfaceOrientations_iPhone = "UIInterfaceOrientationPortrait UIInterfaceOrientationLandscapeLeft UIInterfaceOrientationLandscapeRight";
				LD_RUNPATH_SEARCH_PATHS = (
					"$(inherited)",
					"@executable_path/Frameworks",
				);
				MARKETING_VERSION = 1.0;
				PRODUCT_BUNDLE_IDENTIFIER = kwk.workoutOptionsScreen;
				PRODUCT_NAME = "$(TARGET_NAME)";
				SWIFT_EMIT_LOC_STRINGS = YES;
				SWIFT_VERSION = 5.0;
				TARGETED_DEVICE_FAMILY = "1,2";
			};
			name = Release;
		};
/* End XCBuildConfiguration section */

/* Begin XCConfigurationList section */
		894290C0288865D50002733B /* Build configuration list for PBXProject "workoutOptionsScreen" */ = {
			isa = XCConfigurationList;
			buildConfigurations = (
				894290DA288865D70002733B /* Debug */,
				894290DB288865D70002733B /* Release */,
			);
			defaultConfigurationIsVisible = 0;
			defaultConfigurationName = Release;
		};
		894290DC288865D70002733B /* Build configuration list for PBXNativeTarget "workoutOptionsScreen" */ = {
			isa = XCConfigurationList;
			buildConfigurations = (
				894290DD288865D70002733B /* Debug */,
				894290DE288865D70002733B /* Release */,
			);
			defaultConfigurationIsVisible = 0;
			defaultConfigurationName = Release;
		};
/* End XCConfigurationList section */

/* Begin XCVersionGroup section */
		894290D1288865D50002733B /* workoutOptionsScreen.xcdatamodeld */ = {
			isa = XCVersionGroup;
			children = (
				894290D2288865D50002733B /* workoutOptionsScreen.xcdatamodel */,
			);
			currentVersion = 894290D2288865D50002733B /* workoutOptionsScreen.xcdatamodel */;
			path = workoutOptionsScreen.xcdatamodeld;
			sourceTree = "<group>";
			versionGroupType = wrapper.xcdatamodel;
		};
/* End XCVersionGroup section */
	};
	rootObject = 894290BD288865D50002733B /* Project object */;
}
